{
    "version": 3,
    "terraform_version": "0.11.14",
    "serial": 2,
    "lineage": "61574703-042a-8036-3517-abb240085d81",
    "modules": [
        {
            "path": [
                "root"
            ],
            "outputs": {
                "arn": {
                    "sensitive": false,
                    "type": "string",
                    "value": "arn:aws:lambda:eu-west-1:441275923298:function:test-lambda_function-name"
                }
            },
            "resources": {
                "aws_lambda_function.test_lambda": {
                    "type": "aws_lambda_function",
                    "depends_on": [
                        "data.aws_caller_identity.current"
                    ],
                    "primary": {
                        "id": "test-lambda_function-name",
                        "attributes": {
                            "arn": "arn:aws:lambda:eu-west-1:441275923298:function:test-lambda_function-name",
                            "dead_letter_config.#": "0",
                            "description": "",
                            "environment.#": "1",
                            "environment.0.variables.%": "1",
                            "environment.0.variables.CreatedBy": "Terraform",
                            "filename": "lambda_function.zip",
                            "function_name": "test-lambda_function-name",
                            "handler": "lambda_function.lambda_handler",
                            "id": "test-lambda_function-name",
                            "invoke_arn": "arn:aws:apigateway:eu-west-1:lambda:path/2015-03-31/functions/arn:aws:lambda:eu-west-1:441275923298:function:test-lambda_function-name/invocations",
                            "kms_key_arn": "",
                            "last_modified": "2019-07-09T01:19:24.022+0000",
                            "layers.#": "0",
                            "memory_size": "128",
                            "publish": "false",
                            "qualified_arn": "arn:aws:lambda:eu-west-1:441275923298:function:test-lambda_function-name:$LATEST",
                            "reserved_concurrent_executions": "-1",
                            "role": "arn:aws:iam::441275923298:role/AWSRoleForLambda",
                            "runtime": "python3.6",
                            "source_code_hash": "k7uvfpjb2OMO6bbK96a0v6JHM/jlIhD2cBVaNmvbrVY=",
                            "source_code_size": "2459",
                            "tags.%": "0",
                            "timeout": "900",
                            "tracing_config.#": "1",
                            "tracing_config.0.mode": "PassThrough",
                            "version": "$LATEST",
                            "vpc_config.#": "0"
                        },
                        "meta": {
                            "e2bfb730-ecaa-11e6-8f88-34363bc7c4c0": {
                                "create": 600000000000
                            }
                        },
                        "tainted": false
                    },
                    "deposed": [],
                    "provider": "provider.aws"
                },
                "aws_lambda_permission.test": {
                    "type": "aws_lambda_permission",
                    "depends_on": [
                        "aws_lambda_function.test_lambda",
                        "aws_s3_bucket.bucket"
                    ],
                    "primary": {
                        "id": "AllowS3Invoke",
                        "attributes": {
                            "action": "lambda:InvokeFunction",
                            "function_name": "test-lambda_function-name",
                            "id": "AllowS3Invoke",
                            "principal": "s3.amazonaws.com",
                            "qualifier": "",
                            "source_arn": "arn:aws:s3:::my-test-bucket-eu-west-1",
                            "statement_id": "AllowS3Invoke"
                        },
                        "meta": {},
                        "tainted": false
                    },
                    "deposed": [],
                    "provider": "provider.aws"
                },
                "aws_s3_bucket.bucket": {
                    "type": "aws_s3_bucket",
                    "depends_on": [],
                    "primary": {
                        "id": "my-test-bucket-eu-west-1",
                        "attributes": {
                            "acceleration_status": "",
                            "acl": "private",
                            "arn": "arn:aws:s3:::my-test-bucket-eu-west-1",
                            "bucket": "my-test-bucket-eu-west-1",
                            "bucket_domain_name": "my-test-bucket-eu-west-1.s3.amazonaws.com",
                            "bucket_regional_domain_name": "my-test-bucket-eu-west-1.s3.eu-west-1.amazonaws.com",
                            "cors_rule.#": "0",
                            "force_destroy": "false",
                            "hosted_zone_id": "Z1BKCTXD74EZPE",
                            "id": "my-test-bucket-eu-west-1",
                            "lifecycle_rule.#": "0",
                            "logging.#": "0",
                            "object_lock_configuration.#": "0",
                            "region": "eu-west-1",
                            "replication_configuration.#": "0",
                            "request_payer": "BucketOwner",
                            "server_side_encryption_configuration.#": "0",
                            "tags.%": "2",
                            "tags.Environment": "Dev",
                            "tags.Name": "My bucket",
                            "versioning.#": "1",
                            "versioning.0.enabled": "false",
                            "versioning.0.mfa_delete": "false",
                            "website.#": "0"
                        },
                        "meta": {},
                        "tainted": false
                    },
                    "deposed": [],
                    "provider": "provider.aws"
                },
                "aws_s3_bucket_notification.aws-lambda-trigger": {
                    "type": "aws_s3_bucket_notification",
                    "depends_on": [
                        "aws_lambda_function.test_lambda",
                        "aws_s3_bucket.bucket"
                    ],
                    "primary": {
                        "id": "my-test-bucket-eu-west-1",
                        "attributes": {
                            "bucket": "my-test-bucket-eu-west-1",
                            "id": "my-test-bucket-eu-west-1",
                            "lambda_function.#": "0",
                            "queue.#": "0",
                            "topic.#": "0"
                        },
                        "meta": {},
                        "tainted": false
                    },
                    "deposed": [],
                    "provider": "provider.aws"
                },
                "data.aws_caller_identity.current": {
                    "type": "aws_caller_identity",
                    "depends_on": [],
                    "primary": {
                        "id": "2019-07-09 01:19:20.445380205 +0000 UTC",
                        "attributes": {
                            "account_id": "441275923298",
                            "arn": "arn:aws:iam::441275923298:user/ysandeep",
                            "id": "2019-07-09 01:19:20.445380205 +0000 UTC",
                            "user_id": "AIDAWNPQYHNRFPH6XR77J"
                        },
                        "meta": {},
                        "tainted": false
                    },
                    "deposed": [],
                    "provider": "provider.aws"
                }
            },
            "depends_on": []
        }
    ]
}
